
Microsoft Visual Studio Solution File, Format Version 12.00
# Visual Studio Version 17
VisualStudioVersion = 17.9.34607.119
MinimumVisualStudioVersion = 10.0.40219.1
Project("{FAE04EC0-301F-11D3-BF4B-00C04F79EFBC}") = "RepayIdentityProject.EntityLayer", "RepayIdentityProject.EntityLayer\RepayIdentityProject.EntityLayer.csproj", "{3CD58DA2-563A-4DA0-951C-34FC75EBD801}"
EndProject
Project("{FAE04EC0-301F-11D3-BF4B-00C04F79EFBC}") = "RepayIdentityProject.DataAccessLayer", "RepayIdentityProject.DataAccessLayer\RepayIdentityProject.DataAccessLayer.csproj", "{9E056698-AFE7-4F9B-BA75-947950F35D92}"
EndProject
Project("{FAE04EC0-301F-11D3-BF4B-00C04F79EFBC}") = "RepayIdentityProject.BusinessLayer", "RepayIdentityProject.BusinessLayer\RepayIdentityProject.BusinessLayer.csproj", "{EB8E1B07-7CB7-49D7-B5EC-C02919E3306A}"
EndProject
Project("{FAE04EC0-301F-11D3-BF4B-00C04F79EFBC}") = "RepayIdentityProject.DtoLayer", "RepayIdentityProject.DtoLayer\RepayIdentityProject.DtoLayer.csproj", "{103B1055-CD66-4D59-950A-B7BF00D1EA99}"
EndProject
Project("{FAE04EC0-301F-11D3-BF4B-00C04F79EFBC}") = "RepayIdentityProject.PresentationalLayer", "RepayIdentityProject.PresentationalLayer\RepayIdentityProject.PresentationalLayer.csproj", "{2513FF0C-F1E9-4E8B-9013-0BC41C5F20EF}"
EndProject
Global
	GlobalSection(SolutionConfigurationPlatforms) = preSolution
		Debug|Any CPU = Debug|Any CPU
		Release|Any CPU = Release|Any CPU
	EndGlobalSection
	GlobalSection(ProjectConfigurationPlatforms) = postSolution
		{3CD58DA2-563A-4DA0-951C-34FC75EBD801}.Debug|Any CPU.ActiveCfg = Debug|Any CPU
		{3CD58DA2-563A-4DA0-951C-34FC75EBD801}.Debug|Any CPU.Build.0 = Debug|Any CPU
		{3CD58DA2-563A-4DA0-951C-34FC75EBD801}.Release|Any CPU.ActiveCfg = Release|Any CPU
		{3CD58DA2-563A-4DA0-951C-34FC75EBD801}.Release|Any CPU.Build.0 = Release|Any CPU
		{9E056698-AFE7-4F9B-BA75-947950F35D92}.Debug|Any CPU.ActiveCfg = Debug|Any CPU
		{9E056698-AFE7-4F9B-BA75-947950F35D92}.Debug|Any CPU.Build.0 = Debug|Any CPU
		{9E056698-AFE7-4F9B-BA75-947950F35D92}.Release|Any CPU.ActiveCfg = Release|Any CPU
		{9E056698-AFE7-4F9B-BA75-947950F35D92}.Release|Any CPU.Build.0 = Release|Any CPU
		{EB8E1B07-7CB7-49D7-B5EC-C02919E3306A}.Debug|Any CPU.ActiveCfg = Debug|Any CPU
		{EB8E1B07-7CB7-49D7-B5EC-C02919E3306A}.Debug|Any CPU.Build.0 = Debug|Any CPU
		{EB8E1B07-7CB7-49D7-B5EC-C02919E3306A}.Release|Any CPU.ActiveCfg = Release|Any CPU
		{EB8E1B07-7CB7-49D7-B5EC-C02919E3306A}.Release|Any CPU.Build.0 = Release|Any CPU
		{103B1055-CD66-4D59-950A-B7BF00D1EA99}.Debug|Any CPU.ActiveCfg = Debug|Any CPU
		{103B1055-CD66-4D59-950A-B7BF00D1EA99}.Debug|Any CPU.Build.0 = Debug|Any CPU
		{103B1055-CD66-4D59-950A-B7BF00D1EA99}.Release|Any CPU.ActiveCfg = Release|Any CPU
		{103B1055-CD66-4D59-950A-B7BF00D1EA99}.Release|Any CPU.Build.0 = Release|Any CPU
		{2513FF0C-F1E9-4E8B-9013-0BC41C5F20EF}.Debug|Any CPU.ActiveCfg = Debug|Any CPU
		{2513FF0C-F1E9-4E8B-9013-0BC41C5F20EF}.Debug|Any CPU.Build.0 = Debug|Any CPU
		{2513FF0C-F1E9-4E8B-9013-0BC41C5F20EF}.Release|Any CPU.ActiveCfg = Release|Any CPU
		{2513FF0C-F1E9-4E8B-9013-0BC41C5F20EF}.Release|Any CPU.Build.0 = Release|Any CPU
	EndGlobalSection
	GlobalSection(SolutionProperties) = preSolution
		HideSolutionNode = FALSE
	EndGlobalSection
	GlobalSection(ExtensibilityGlobals) = postSolution
		SolutionGuid = {C8917E12-0E8E-4D2F-897B-92002C676AC7}
	EndGlobalSection
EndGlobal
